
Microsoft Visual Studio Solution File, Format Version 12.00
# Visual Studio Version 16
VisualStudioVersion = 16.0.30309.148
MinimumVisualStudioVersion = 10.0.40219.1
Project("{9A19103F-16F7-4668-BE54-9A1E7A4F7556}") = "ApplicationShell", "ApplicationShell.csproj", "{166A3327-B665-4AB2-9761-1812A01AC63B}"
	ProjectSection(ProjectDependencies) = postProject
		{E3A1D491-6D23-4950-B1D0-EA70A018F041} = {E3A1D491-6D23-4950-B1D0-EA70A018F041}
		{64BF1DC6-7D4D-47FF-817E-943027C35A84} = {64BF1DC6-7D4D-47FF-817E-943027C35A84}
		{42E61AF6-D7D9-44F2-A33A-213F1D33647F} = {42E61AF6-D7D9-44F2-A33A-213F1D33647F}
		{DB6E76FD-AC6B-4F96-9514-D93154007991} = {DB6E76FD-AC6B-4F96-9514-D93154007991}
	EndProjectSection
EndProject
Project("{9A19103F-16F7-4668-BE54-9A1E7A4F7556}") = "KEI.UI.Wpf", "..\..\Infrastructure\KEI.UI.Wpf\KEI.UI.Wpf.csproj", "{64BF1DC6-7D4D-47FF-817E-943027C35A84}"
	ProjectSection(ProjectDependencies) = postProject
		{E3A1D491-6D23-4950-B1D0-EA70A018F041} = {E3A1D491-6D23-4950-B1D0-EA70A018F041}
	EndProjectSection
EndProject
Project("{9A19103F-16F7-4668-BE54-9A1E7A4F7556}") = "Application.Production", "..\Application.Production\Application.Production.csproj", "{42E61AF6-D7D9-44F2-A33A-213F1D33647F}"
	ProjectSection(ProjectDependencies) = postProject
		{E3A1D491-6D23-4950-B1D0-EA70A018F041} = {E3A1D491-6D23-4950-B1D0-EA70A018F041}
		{64BF1DC6-7D4D-47FF-817E-943027C35A84} = {64BF1DC6-7D4D-47FF-817E-943027C35A84}
		{DB6E76FD-AC6B-4F96-9514-D93154007991} = {DB6E76FD-AC6B-4F96-9514-D93154007991}
	EndProjectSection
EndProject
Project("{9A19103F-16F7-4668-BE54-9A1E7A4F7556}") = "KEI.Infrastructure", "..\..\Infrastructure\KEI.Infrastructure\KEI.Infrastructure.csproj", "{E3A1D491-6D23-4950-B1D0-EA70A018F041}"
EndProject
Project("{9A19103F-16F7-4668-BE54-9A1E7A4F7556}") = "Application.UI", "..\Application.UI\Application.UI.csproj", "{DB6E76FD-AC6B-4F96-9514-D93154007991}"
	ProjectSection(ProjectDependencies) = postProject
		{53DF0F2B-EEB1-461C-8A88-292970F41729} = {53DF0F2B-EEB1-461C-8A88-292970F41729}
		{64BF1DC6-7D4D-47FF-817E-943027C35A84} = {64BF1DC6-7D4D-47FF-817E-943027C35A84}
	EndProjectSection
EndProject
Project("{9A19103F-16F7-4668-BE54-9A1E7A4F7556}") = "Application.Core", "..\Application.Core\Application.Core.csproj", "{53DF0F2B-EEB1-461C-8A88-292970F41729}"
	ProjectSection(ProjectDependencies) = postProject
		{E3A1D491-6D23-4950-B1D0-EA70A018F041} = {E3A1D491-6D23-4950-B1D0-EA70A018F041}
		{64BF1DC6-7D4D-47FF-817E-943027C35A84} = {64BF1DC6-7D4D-47FF-817E-943027C35A84}
	EndProjectSection
EndProject
Project("{9A19103F-16F7-4668-BE54-9A1E7A4F7556}") = "Application.Engineering", "..\Application.Engineering\Application.Engineering.csproj", "{EBA7E4BB-A7CC-4B8D-916C-838D34965112}"
EndProject
Project("{9A19103F-16F7-4668-BE54-9A1E7A4F7556}") = "KEI.Resources", "..\..\Infrastructure\KEI.Resources\KEI.Resources.csproj", "{ADDC85BE-7D31-4F98-8EA6-689B345AE6E3}"
EndProject
Global
	GlobalSection(SolutionConfigurationPlatforms) = preSolution
		Debug|Any CPU = Debug|Any CPU
		Debug|x64 = Debug|x64
		Debug|x86 = Debug|x86
		Release|Any CPU = Release|Any CPU
		Release|x64 = Release|x64
		Release|x86 = Release|x86
	EndGlobalSection
	GlobalSection(ProjectConfigurationPlatforms) = postSolution
		{166A3327-B665-4AB2-9761-1812A01AC63B}.Debug|Any CPU.ActiveCfg = Debug|Any CPU
		{166A3327-B665-4AB2-9761-1812A01AC63B}.Debug|Any CPU.Build.0 = Debug|Any CPU
		{166A3327-B665-4AB2-9761-1812A01AC63B}.Debug|x64.ActiveCfg = Debug|Any CPU
		{166A3327-B665-4AB2-9761-1812A01AC63B}.Debug|x64.Build.0 = Debug|Any CPU
		{166A3327-B665-4AB2-9761-1812A01AC63B}.Debug|x86.ActiveCfg = Debug|Any CPU
		{166A3327-B665-4AB2-9761-1812A01AC63B}.Debug|x86.Build.0 = Debug|Any CPU
		{166A3327-B665-4AB2-9761-1812A01AC63B}.Release|Any CPU.ActiveCfg = Release|Any CPU
		{166A3327-B665-4AB2-9761-1812A01AC63B}.Release|Any CPU.Build.0 = Release|Any CPU
		{166A3327-B665-4AB2-9761-1812A01AC63B}.Release|x64.ActiveCfg = Release|Any CPU
		{166A3327-B665-4AB2-9761-1812A01AC63B}.Release|x64.Build.0 = Release|Any CPU
		{166A3327-B665-4AB2-9761-1812A01AC63B}.Release|x86.ActiveCfg = Release|Any CPU
		{166A3327-B665-4AB2-9761-1812A01AC63B}.Release|x86.Build.0 = Release|Any CPU
		{64BF1DC6-7D4D-47FF-817E-943027C35A84}.Debug|Any CPU.ActiveCfg = Debug|Any CPU
		{64BF1DC6-7D4D-47FF-817E-943027C35A84}.Debug|Any CPU.Build.0 = Debug|Any CPU
		{64BF1DC6-7D4D-47FF-817E-943027C35A84}.Debug|x64.ActiveCfg = Debug|Any CPU
		{64BF1DC6-7D4D-47FF-817E-943027C35A84}.Debug|x64.Build.0 = Debug|Any CPU
		{64BF1DC6-7D4D-47FF-817E-943027C35A84}.Debug|x86.ActiveCfg = Debug|Any CPU
		{64BF1DC6-7D4D-47FF-817E-943027C35A84}.Debug|x86.Build.0 = Debug|Any CPU
		{64BF1DC6-7D4D-47FF-817E-943027C35A84}.Release|Any CPU.ActiveCfg = Release|Any CPU
		{64BF1DC6-7D4D-47FF-817E-943027C35A84}.Release|Any CPU.Build.0 = Release|Any CPU
		{64BF1DC6-7D4D-47FF-817E-943027C35A84}.Release|x64.ActiveCfg = Release|Any CPU
		{64BF1DC6-7D4D-47FF-817E-943027C35A84}.Release|x64.Build.0 = Release|Any CPU
		{64BF1DC6-7D4D-47FF-817E-943027C35A84}.Release|x86.ActiveCfg = Release|Any CPU
		{64BF1DC6-7D4D-47FF-817E-943027C35A84}.Release|x86.Build.0 = Release|Any CPU
		{42E61AF6-D7D9-44F2-A33A-213F1D33647F}.Debug|Any CPU.ActiveCfg = Debug|Any CPU
		{42E61AF6-D7D9-44F2-A33A-213F1D33647F}.Debug|Any CPU.Build.0 = Debug|Any CPU
		{42E61AF6-D7D9-44F2-A33A-213F1D33647F}.Debug|x64.ActiveCfg = Debug|Any CPU
		{42E61AF6-D7D9-44F2-A33A-213F1D33647F}.Debug|x64.Build.0 = Debug|Any CPU
		{42E61AF6-D7D9-44F2-A33A-213F1D33647F}.Debug|x86.ActiveCfg = Debug|Any CPU
		{42E61AF6-D7D9-44F2-A33A-213F1D33647F}.Debug|x86.Build.0 = Debug|Any CPU
		{42E61AF6-D7D9-44F2-A33A-213F1D33647F}.Release|Any CPU.ActiveCfg = Release|Any CPU
		{42E61AF6-D7D9-44F2-A33A-213F1D33647F}.Release|Any CPU.Build.0 = Release|Any CPU
		{42E61AF6-D7D9-44F2-A33A-213F1D33647F}.Release|x64.ActiveCfg = Release|Any CPU
		{42E61AF6-D7D9-44F2-A33A-213F1D33647F}.Release|x64.Build.0 = Release|Any CPU
		{42E61AF6-D7D9-44F2-A33A-213F1D33647F}.Release|x86.ActiveCfg = Release|Any CPU
		{42E61AF6-D7D9-44F2-A33A-213F1D33647F}.Release|x86.Build.0 = Release|Any CPU
		{E3A1D491-6D23-4950-B1D0-EA70A018F041}.Debug|Any CPU.ActiveCfg = Debug|Any CPU
		{E3A1D491-6D23-4950-B1D0-EA70A018F041}.Debug|Any CPU.Build.0 = Debug|Any CPU
		{E3A1D491-6D23-4950-B1D0-EA70A018F041}.Debug|x64.ActiveCfg = Debug|Any CPU
		{E3A1D491-6D23-4950-B1D0-EA70A018F041}.Debug|x64.Build.0 = Debug|Any CPU
		{E3A1D491-6D23-4950-B1D0-EA70A018F041}.Debug|x86.ActiveCfg = Debug|Any CPU
		{E3A1D491-6D23-4950-B1D0-EA70A018F041}.Debug|x86.Build.0 = Debug|Any CPU
		{E3A1D491-6D23-4950-B1D0-EA70A018F041}.Release|Any CPU.ActiveCfg = Release|Any CPU
		{E3A1D491-6D23-4950-B1D0-EA70A018F041}.Release|Any CPU.Build.0 = Release|Any CPU
		{E3A1D491-6D23-4950-B1D0-EA70A018F041}.Release|x64.ActiveCfg = Release|Any CPU
		{E3A1D491-6D23-4950-B1D0-EA70A018F041}.Release|x64.Build.0 = Release|Any CPU
		{E3A1D491-6D23-4950-B1D0-EA70A018F041}.Release|x86.ActiveCfg = Release|Any CPU
		{E3A1D491-6D23-4950-B1D0-EA70A018F041}.Release|x86.Build.0 = Release|Any CPU
		{DB6E76FD-AC6B-4F96-9514-D93154007991}.Debug|Any CPU.ActiveCfg = Debug|Any CPU
		{DB6E76FD-AC6B-4F96-9514-D93154007991}.Debug|Any CPU.Build.0 = Debug|Any CPU
		{DB6E76FD-AC6B-4F96-9514-D93154007991}.Debug|x64.ActiveCfg = Debug|Any CPU
		{DB6E76FD-AC6B-4F96-9514-D93154007991}.Debug|x64.Build.0 = Debug|Any CPU
		{DB6E76FD-AC6B-4F96-9514-D93154007991}.Debug|x86.ActiveCfg = Debug|Any CPU
		{DB6E76FD-AC6B-4F96-9514-D93154007991}.Debug|x86.Build.0 = Debug|Any CPU
		{DB6E76FD-AC6B-4F96-9514-D93154007991}.Release|Any CPU.ActiveCfg = Release|Any CPU
		{DB6E76FD-AC6B-4F96-9514-D93154007991}.Release|Any CPU.Build.0 = Release|Any CPU
		{DB6E76FD-AC6B-4F96-9514-D93154007991}.Release|x64.ActiveCfg = Release|Any CPU
		{DB6E76FD-AC6B-4F96-9514-D93154007991}.Release|x64.Build.0 = Release|Any CPU
		{DB6E76FD-AC6B-4F96-9514-D93154007991}.Release|x86.ActiveCfg = Release|Any CPU
		{DB6E76FD-AC6B-4F96-9514-D93154007991}.Release|x86.Build.0 = Release|Any CPU
		{53DF0F2B-EEB1-461C-8A88-292970F41729}.Debug|Any CPU.ActiveCfg = Debug|Any CPU
		{53DF0F2B-EEB1-461C-8A88-292970F41729}.Debug|Any CPU.Build.0 = Debug|Any CPU
		{53DF0F2B-EEB1-461C-8A88-292970F41729}.Debug|x64.ActiveCfg = Debug|Any CPU
		{53DF0F2B-EEB1-461C-8A88-292970F41729}.Debug|x64.Build.0 = Debug|Any CPU
		{53DF0F2B-EEB1-461C-8A88-292970F41729}.Debug|x86.ActiveCfg = Debug|Any CPU
		{53DF0F2B-EEB1-461C-8A88-292970F41729}.Debug|x86.Build.0 = Debug|Any CPU
		{53DF0F2B-EEB1-461C-8A88-292970F41729}.Release|Any CPU.ActiveCfg = Release|Any CPU
		{53DF0F2B-EEB1-461C-8A88-292970F41729}.Release|Any CPU.Build.0 = Release|Any CPU
		{53DF0F2B-EEB1-461C-8A88-292970F41729}.Release|x64.ActiveCfg = Release|Any CPU
		{53DF0F2B-EEB1-461C-8A88-292970F41729}.Release|x64.Build.0 = Release|Any CPU
		{53DF0F2B-EEB1-461C-8A88-292970F41729}.Release|x86.ActiveCfg = Release|Any CPU
		{53DF0F2B-EEB1-461C-8A88-292970F41729}.Release|x86.Build.0 = Release|Any CPU
		{EBA7E4BB-A7CC-4B8D-916C-838D34965112}.Debug|Any CPU.ActiveCfg = Debug|Any CPU
		{EBA7E4BB-A7CC-4B8D-916C-838D34965112}.Debug|Any CPU.Build.0 = Debug|Any CPU
		{EBA7E4BB-A7CC-4B8D-916C-838D34965112}.Debug|x64.ActiveCfg = Debug|Any CPU
		{EBA7E4BB-A7CC-4B8D-916C-838D34965112}.Debug|x64.Build.0 = Debug|Any CPU
		{EBA7E4BB-A7CC-4B8D-916C-838D34965112}.Debug|x86.ActiveCfg = Debug|Any CPU
		{EBA7E4BB-A7CC-4B8D-916C-838D34965112}.Debug|x86.Build.0 = Debug|Any CPU
		{EBA7E4BB-A7CC-4B8D-916C-838D34965112}.Release|Any CPU.ActiveCfg = Release|Any CPU
		{EBA7E4BB-A7CC-4B8D-916C-838D34965112}.Release|Any CPU.Build.0 = Release|Any CPU
		{EBA7E4BB-A7CC-4B8D-916C-838D34965112}.Release|x64.ActiveCfg = Release|Any CPU
		{EBA7E4BB-A7CC-4B8D-916C-838D34965112}.Release|x64.Build.0 = Release|Any CPU
		{EBA7E4BB-A7CC-4B8D-916C-838D34965112}.Release|x86.ActiveCfg = Release|Any CPU
		{EBA7E4BB-A7CC-4B8D-916C-838D34965112}.Release|x86.Build.0 = Release|Any CPU
		{ADDC85BE-7D31-4F98-8EA6-689B345AE6E3}.Debug|Any CPU.ActiveCfg = Debug|Any CPU
		{ADDC85BE-7D31-4F98-8EA6-689B345AE6E3}.Debug|Any CPU.Build.0 = Debug|Any CPU
		{ADDC85BE-7D31-4F98-8EA6-689B345AE6E3}.Debug|x64.ActiveCfg = Debug|Any CPU
		{ADDC85BE-7D31-4F98-8EA6-689B345AE6E3}.Debug|x64.Build.0 = Debug|Any CPU
		{ADDC85BE-7D31-4F98-8EA6-689B345AE6E3}.Debug|x86.ActiveCfg = Debug|Any CPU
		{ADDC85BE-7D31-4F98-8EA6-689B345AE6E3}.Debug|x86.Build.0 = Debug|Any CPU
		{ADDC85BE-7D31-4F98-8EA6-689B345AE6E3}.Release|Any CPU.ActiveCfg = Release|Any CPU
		{ADDC85BE-7D31-4F98-8EA6-689B345AE6E3}.Release|Any CPU.Build.0 = Release|Any CPU
		{ADDC85BE-7D31-4F98-8EA6-689B345AE6E3}.Release|x64.ActiveCfg = Release|Any CPU
		{ADDC85BE-7D31-4F98-8EA6-689B345AE6E3}.Release|x64.Build.0 = Release|Any CPU
		{ADDC85BE-7D31-4F98-8EA6-689B345AE6E3}.Release|x86.ActiveCfg = Release|Any CPU
		{ADDC85BE-7D31-4F98-8EA6-689B345AE6E3}.Release|x86.Build.0 = Release|Any CPU
	EndGlobalSection
	GlobalSection(SolutionProperties) = preSolution
		HideSolutionNode = FALSE
	EndGlobalSection
	GlobalSection(ExtensibilityGlobals) = postSolution
		SolutionGuid = {48376D86-887E-4D25-B103-509C3AA8AE66}
	EndGlobalSection
EndGlobal
