
Microsoft Visual Studio Solution File, Format Version 12.00
# Visual Studio Version 16
VisualStudioVersion = 16.0.30309.148
MinimumVisualStudioVersion = 10.0.40219.1
Project("{9A19103F-16F7-4668-BE54-9A1E7A4F7556}") = "LogViewer", "..\Infrastructure\LogViewer\LogViewer.csproj", "{B759888A-CCE4-415A-932E-346957EE6352}"
EndProject
Project("{9A19103F-16F7-4668-BE54-9A1E7A4F7556}") = "ConfigEditor", "..\Infrastructure\ConfigEditor\ConfigEditor.csproj", "{EEF89680-3268-4999-90E7-21D6F24FC0C9}"
EndProject
Project("{9A19103F-16F7-4668-BE54-9A1E7A4F7556}") = "Localizer", "..\Infrastructure\Localizer\Localizer.csproj", "{70427919-6419-4313-A1B2-DDFEC2752B45}"
EndProject
Project("{9A19103F-16F7-4668-BE54-9A1E7A4F7556}") = "ServiceEditor", "..\Infrastructure\ServiceEditor\ServiceEditor.csproj", "{30BFF5A4-A8C6-40FC-AD76-892F59AE4544}"
EndProject
Project("{FAE04EC0-301F-11D3-BF4B-00C04F79EFBC}") = "TCPIPClient", "..\Infrastructure\TCPIPClient\TCPIPClient.csproj", "{B26365E3-090D-4799-A1E9-59C3C94CA103}"
EndProject
Global
	GlobalSection(SolutionConfigurationPlatforms) = preSolution
		Debug|Any CPU = Debug|Any CPU
		Release|Any CPU = Release|Any CPU
	EndGlobalSection
	GlobalSection(ProjectConfigurationPlatforms) = postSolution
		{B759888A-CCE4-415A-932E-346957EE6352}.Debug|Any CPU.ActiveCfg = Debug|Any CPU
		{B759888A-CCE4-415A-932E-346957EE6352}.Debug|Any CPU.Build.0 = Debug|Any CPU
		{B759888A-CCE4-415A-932E-346957EE6352}.Release|Any CPU.ActiveCfg = Release|Any CPU
		{B759888A-CCE4-415A-932E-346957EE6352}.Release|Any CPU.Build.0 = Release|Any CPU
		{EEF89680-3268-4999-90E7-21D6F24FC0C9}.Debug|Any CPU.ActiveCfg = Debug|Any CPU
		{EEF89680-3268-4999-90E7-21D6F24FC0C9}.Debug|Any CPU.Build.0 = Debug|Any CPU
		{EEF89680-3268-4999-90E7-21D6F24FC0C9}.Release|Any CPU.ActiveCfg = Release|Any CPU
		{EEF89680-3268-4999-90E7-21D6F24FC0C9}.Release|Any CPU.Build.0 = Release|Any CPU
		{70427919-6419-4313-A1B2-DDFEC2752B45}.Debug|Any CPU.ActiveCfg = Debug|Any CPU
		{70427919-6419-4313-A1B2-DDFEC2752B45}.Debug|Any CPU.Build.0 = Debug|Any CPU
		{70427919-6419-4313-A1B2-DDFEC2752B45}.Release|Any CPU.ActiveCfg = Release|Any CPU
		{70427919-6419-4313-A1B2-DDFEC2752B45}.Release|Any CPU.Build.0 = Release|Any CPU
		{30BFF5A4-A8C6-40FC-AD76-892F59AE4544}.Debug|Any CPU.ActiveCfg = Debug|Any CPU
		{30BFF5A4-A8C6-40FC-AD76-892F59AE4544}.Debug|Any CPU.Build.0 = Debug|Any CPU
		{30BFF5A4-A8C6-40FC-AD76-892F59AE4544}.Release|Any CPU.ActiveCfg = Release|Any CPU
		{30BFF5A4-A8C6-40FC-AD76-892F59AE4544}.Release|Any CPU.Build.0 = Release|Any CPU
		{B26365E3-090D-4799-A1E9-59C3C94CA103}.Debug|Any CPU.ActiveCfg = Debug|Any CPU
		{B26365E3-090D-4799-A1E9-59C3C94CA103}.Debug|Any CPU.Build.0 = Debug|Any CPU
		{B26365E3-090D-4799-A1E9-59C3C94CA103}.Release|Any CPU.ActiveCfg = Release|Any CPU
		{B26365E3-090D-4799-A1E9-59C3C94CA103}.Release|Any CPU.Build.0 = Release|Any CPU
	EndGlobalSection
	GlobalSection(SolutionProperties) = preSolution
		HideSolutionNode = FALSE
	EndGlobalSection
	GlobalSection(ExtensibilityGlobals) = postSolution
		SolutionGuid = {F8775B4D-C9B8-44A7-AF6B-2140EB09BB3D}
	EndGlobalSection
EndGlobal
