
Microsoft Visual Studio Solution File, Format Version 12.00
# Visual Studio Version 16
VisualStudioVersion = 16.0.30309.148
MinimumVisualStudioVersion = 10.0.40219.1
Project("{9A19103F-16F7-4668-BE54-9A1E7A4F7556}") = "KEI.Infrastructure.Core", "..\Infrastructure\KEI.Infrastructure.Core\KEI.Infrastructure.Core.csproj", "{B5ACED0B-6D76-4E0A-B255-E6B09B7A01A0}"
EndProject
Project("{9A19103F-16F7-4668-BE54-9A1E7A4F7556}") = "KEI.UI.Wpf", "..\Infrastructure\KEI.UI.Wpf\KEI.UI.Wpf.csproj", "{47CD9EE0-000E-4987-93F4-87E5BD7A7442}"
	ProjectSection(ProjectDependencies) = postProject
		{B5ACED0B-6D76-4E0A-B255-E6B09B7A01A0} = {B5ACED0B-6D76-4E0A-B255-E6B09B7A01A0}
	EndProjectSection
EndProject
Project("{9A19103F-16F7-4668-BE54-9A1E7A4F7556}") = "Application.Core", "..\Application\Application.Core\Application.Core.csproj", "{AF6ED55B-D973-453F-926C-6BC56D054918}"
	ProjectSection(ProjectDependencies) = postProject
		{B5ACED0B-6D76-4E0A-B255-E6B09B7A01A0} = {B5ACED0B-6D76-4E0A-B255-E6B09B7A01A0}
	EndProjectSection
EndProject
Project("{9A19103F-16F7-4668-BE54-9A1E7A4F7556}") = "Application.UI", "..\Application\Application.UI\Application.UI.csproj", "{07FEBF61-1454-47AA-9D77-F26E02E7FB0D}"
EndProject
Project("{9A19103F-16F7-4668-BE54-9A1E7A4F7556}") = "Application.Engineering", "..\Application\Application.Engineering\Application.Engineering.csproj", "{D42D570C-38AB-4BD2-9AC8-EDCE5BBF3723}"
	ProjectSection(ProjectDependencies) = postProject
		{B5ACED0B-6D76-4E0A-B255-E6B09B7A01A0} = {B5ACED0B-6D76-4E0A-B255-E6B09B7A01A0}
	EndProjectSection
EndProject
Project("{9A19103F-16F7-4668-BE54-9A1E7A4F7556}") = "Application.Production", "..\Application\Application.Production\Application.Production.csproj", "{8CEB2594-D403-4C55-B386-B6E0A212800A}"
	ProjectSection(ProjectDependencies) = postProject
		{B5ACED0B-6D76-4E0A-B255-E6B09B7A01A0} = {B5ACED0B-6D76-4E0A-B255-E6B09B7A01A0}
	EndProjectSection
EndProject
Project("{9A19103F-16F7-4668-BE54-9A1E7A4F7556}") = "ApplicationShell", "..\Application\ApplicationShell\ApplicationShell.csproj", "{692761E8-CF91-41F8-ACBD-C46A6122DD7E}"
EndProject
Project("{9A19103F-16F7-4668-BE54-9A1E7A4F7556}") = "Localizer", "..\Infrastructure\Localizer\Localizer.csproj", "{1679CF54-40CE-474A-9737-42FFD6B1C995}"
EndProject
Project("{9A19103F-16F7-4668-BE54-9A1E7A4F7556}") = "ServiceEditor", "..\Infrastructure\ServiceEditor\ServiceEditor.csproj", "{E1DD1593-D237-4AF8-A753-2C799C30331B}"
EndProject
Project("{9A19103F-16F7-4668-BE54-9A1E7A4F7556}") = "ConfigEditor", "..\Infrastructure\ConfigEditor\ConfigEditor.csproj", "{E31B3562-1AC6-452D-A315-5BB76D915A58}"
EndProject
Project("{9A19103F-16F7-4668-BE54-9A1E7A4F7556}") = "KEI.Infrastructure.Logging.Log4Net", "..\Infrastructure\KEI.Infrastructure.Logging.Log4Net\KEI.Infrastructure.Logging.Log4Net.csproj", "{39CC72C9-4401-478A-9BE2-2FFF99F0D91C}"
EndProject
Project("{9A19103F-16F7-4668-BE54-9A1E7A4F7556}") = "LogViewer", "..\Infrastructure\LogViewer\LogViewer.csproj", "{D80E03BE-A6B6-49D2-9829-3F28CEDC7599}"
EndProject
Project("{9A19103F-16F7-4668-BE54-9A1E7A4F7556}") = "KEI.Infrastructure.Core.Tests", "..\Tests\KEI.Infrastructure.Core.Tests\KEI.Infrastructure.Core.Tests.csproj", "{7CA008D2-5658-4B42-A6D3-5D5A923F2498}"
EndProject
Project("{8BC9CEB8-8B4A-11D0-8D11-00A0C91BC942}") = "NativeInfrastructureDemo", "..\Infrastructure\NativeInfrastructureDemo\NativeInfrastructureDemo.vcxproj", "{7726E7D7-1B41-4AEA-978E-AB3F1593472E}"
	ProjectSection(ProjectDependencies) = postProject
		{C0568D9F-61E0-44BF-9103-C871256CF9CF} = {C0568D9F-61E0-44BF-9103-C871256CF9CF}
	EndProjectSection
EndProject
Project("{8BC9CEB8-8B4A-11D0-8D11-00A0C91BC942}") = "KEI.Infrastructure.CLR", "..\Infrastructure\KEI.Infrastructure.CLR\KEI.Infrastructure.CLR.vcxproj", "{C0568D9F-61E0-44BF-9103-C871256CF9CF}"
	ProjectSection(ProjectDependencies) = postProject
		{B5ACED0B-6D76-4E0A-B255-E6B09B7A01A0} = {B5ACED0B-6D76-4E0A-B255-E6B09B7A01A0}
		{47CD9EE0-000E-4987-93F4-87E5BD7A7442} = {47CD9EE0-000E-4987-93F4-87E5BD7A7442}
	EndProjectSection
EndProject
Project("{9A19103F-16F7-4668-BE54-9A1E7A4F7556}") = "KEI.Icons", "..\Infrastructure\KEI.Resources\KEI.Icons.csproj", "{40DCEED3-94E2-4312-99FF-373B0DC9CE07}"
EndProject
Global
	GlobalSection(SolutionConfigurationPlatforms) = preSolution
		Debug|Any CPU = Debug|Any CPU
		Debug|ARM = Debug|ARM
		Debug|x64 = Debug|x64
		Debug|x86 = Debug|x86
		Release|Any CPU = Release|Any CPU
		Release|ARM = Release|ARM
		Release|x64 = Release|x64
		Release|x86 = Release|x86
	EndGlobalSection
	GlobalSection(ProjectConfigurationPlatforms) = postSolution
		{B5ACED0B-6D76-4E0A-B255-E6B09B7A01A0}.Debug|Any CPU.ActiveCfg = Debug|Any CPU
		{B5ACED0B-6D76-4E0A-B255-E6B09B7A01A0}.Debug|Any CPU.Build.0 = Debug|Any CPU
		{B5ACED0B-6D76-4E0A-B255-E6B09B7A01A0}.Debug|ARM.ActiveCfg = Debug|Any CPU
		{B5ACED0B-6D76-4E0A-B255-E6B09B7A01A0}.Debug|ARM.Build.0 = Debug|Any CPU
		{B5ACED0B-6D76-4E0A-B255-E6B09B7A01A0}.Debug|x64.ActiveCfg = Debug|Any CPU
		{B5ACED0B-6D76-4E0A-B255-E6B09B7A01A0}.Debug|x64.Build.0 = Debug|Any CPU
		{B5ACED0B-6D76-4E0A-B255-E6B09B7A01A0}.Debug|x86.ActiveCfg = Debug|Any CPU
		{B5ACED0B-6D76-4E0A-B255-E6B09B7A01A0}.Debug|x86.Build.0 = Debug|Any CPU
		{B5ACED0B-6D76-4E0A-B255-E6B09B7A01A0}.Release|Any CPU.ActiveCfg = Release|Any CPU
		{B5ACED0B-6D76-4E0A-B255-E6B09B7A01A0}.Release|Any CPU.Build.0 = Release|Any CPU
		{B5ACED0B-6D76-4E0A-B255-E6B09B7A01A0}.Release|ARM.ActiveCfg = Release|Any CPU
		{B5ACED0B-6D76-4E0A-B255-E6B09B7A01A0}.Release|ARM.Build.0 = Release|Any CPU
		{B5ACED0B-6D76-4E0A-B255-E6B09B7A01A0}.Release|x64.ActiveCfg = Release|Any CPU
		{B5ACED0B-6D76-4E0A-B255-E6B09B7A01A0}.Release|x64.Build.0 = Release|Any CPU
		{B5ACED0B-6D76-4E0A-B255-E6B09B7A01A0}.Release|x86.ActiveCfg = Release|Any CPU
		{B5ACED0B-6D76-4E0A-B255-E6B09B7A01A0}.Release|x86.Build.0 = Release|Any CPU
		{47CD9EE0-000E-4987-93F4-87E5BD7A7442}.Debug|Any CPU.ActiveCfg = Debug|Any CPU
		{47CD9EE0-000E-4987-93F4-87E5BD7A7442}.Debug|Any CPU.Build.0 = Debug|Any CPU
		{47CD9EE0-000E-4987-93F4-87E5BD7A7442}.Debug|ARM.ActiveCfg = Debug|Any CPU
		{47CD9EE0-000E-4987-93F4-87E5BD7A7442}.Debug|ARM.Build.0 = Debug|Any CPU
		{47CD9EE0-000E-4987-93F4-87E5BD7A7442}.Debug|x64.ActiveCfg = Debug|Any CPU
		{47CD9EE0-000E-4987-93F4-87E5BD7A7442}.Debug|x64.Build.0 = Debug|Any CPU
		{47CD9EE0-000E-4987-93F4-87E5BD7A7442}.Debug|x86.ActiveCfg = Debug|Any CPU
		{47CD9EE0-000E-4987-93F4-87E5BD7A7442}.Debug|x86.Build.0 = Debug|Any CPU
		{47CD9EE0-000E-4987-93F4-87E5BD7A7442}.Release|Any CPU.ActiveCfg = Release|Any CPU
		{47CD9EE0-000E-4987-93F4-87E5BD7A7442}.Release|Any CPU.Build.0 = Release|Any CPU
		{47CD9EE0-000E-4987-93F4-87E5BD7A7442}.Release|ARM.ActiveCfg = Release|Any CPU
		{47CD9EE0-000E-4987-93F4-87E5BD7A7442}.Release|ARM.Build.0 = Release|Any CPU
		{47CD9EE0-000E-4987-93F4-87E5BD7A7442}.Release|x64.ActiveCfg = Release|Any CPU
		{47CD9EE0-000E-4987-93F4-87E5BD7A7442}.Release|x64.Build.0 = Release|Any CPU
		{47CD9EE0-000E-4987-93F4-87E5BD7A7442}.Release|x86.ActiveCfg = Release|Any CPU
		{47CD9EE0-000E-4987-93F4-87E5BD7A7442}.Release|x86.Build.0 = Release|Any CPU
		{AF6ED55B-D973-453F-926C-6BC56D054918}.Debug|Any CPU.ActiveCfg = Debug|Any CPU
		{AF6ED55B-D973-453F-926C-6BC56D054918}.Debug|Any CPU.Build.0 = Debug|Any CPU
		{AF6ED55B-D973-453F-926C-6BC56D054918}.Debug|ARM.ActiveCfg = Debug|Any CPU
		{AF6ED55B-D973-453F-926C-6BC56D054918}.Debug|ARM.Build.0 = Debug|Any CPU
		{AF6ED55B-D973-453F-926C-6BC56D054918}.Debug|x64.ActiveCfg = Debug|Any CPU
		{AF6ED55B-D973-453F-926C-6BC56D054918}.Debug|x64.Build.0 = Debug|Any CPU
		{AF6ED55B-D973-453F-926C-6BC56D054918}.Debug|x86.ActiveCfg = Debug|Any CPU
		{AF6ED55B-D973-453F-926C-6BC56D054918}.Debug|x86.Build.0 = Debug|Any CPU
		{AF6ED55B-D973-453F-926C-6BC56D054918}.Release|Any CPU.ActiveCfg = Release|Any CPU
		{AF6ED55B-D973-453F-926C-6BC56D054918}.Release|Any CPU.Build.0 = Release|Any CPU
		{AF6ED55B-D973-453F-926C-6BC56D054918}.Release|ARM.ActiveCfg = Release|Any CPU
		{AF6ED55B-D973-453F-926C-6BC56D054918}.Release|ARM.Build.0 = Release|Any CPU
		{AF6ED55B-D973-453F-926C-6BC56D054918}.Release|x64.ActiveCfg = Release|Any CPU
		{AF6ED55B-D973-453F-926C-6BC56D054918}.Release|x64.Build.0 = Release|Any CPU
		{AF6ED55B-D973-453F-926C-6BC56D054918}.Release|x86.ActiveCfg = Release|Any CPU
		{AF6ED55B-D973-453F-926C-6BC56D054918}.Release|x86.Build.0 = Release|Any CPU
		{07FEBF61-1454-47AA-9D77-F26E02E7FB0D}.Debug|Any CPU.ActiveCfg = Debug|Any CPU
		{07FEBF61-1454-47AA-9D77-F26E02E7FB0D}.Debug|Any CPU.Build.0 = Debug|Any CPU
		{07FEBF61-1454-47AA-9D77-F26E02E7FB0D}.Debug|ARM.ActiveCfg = Debug|Any CPU
		{07FEBF61-1454-47AA-9D77-F26E02E7FB0D}.Debug|ARM.Build.0 = Debug|Any CPU
		{07FEBF61-1454-47AA-9D77-F26E02E7FB0D}.Debug|x64.ActiveCfg = Debug|Any CPU
		{07FEBF61-1454-47AA-9D77-F26E02E7FB0D}.Debug|x64.Build.0 = Debug|Any CPU
		{07FEBF61-1454-47AA-9D77-F26E02E7FB0D}.Debug|x86.ActiveCfg = Debug|Any CPU
		{07FEBF61-1454-47AA-9D77-F26E02E7FB0D}.Debug|x86.Build.0 = Debug|Any CPU
		{07FEBF61-1454-47AA-9D77-F26E02E7FB0D}.Release|Any CPU.ActiveCfg = Release|Any CPU
		{07FEBF61-1454-47AA-9D77-F26E02E7FB0D}.Release|Any CPU.Build.0 = Release|Any CPU
		{07FEBF61-1454-47AA-9D77-F26E02E7FB0D}.Release|ARM.ActiveCfg = Release|Any CPU
		{07FEBF61-1454-47AA-9D77-F26E02E7FB0D}.Release|ARM.Build.0 = Release|Any CPU
		{07FEBF61-1454-47AA-9D77-F26E02E7FB0D}.Release|x64.ActiveCfg = Release|Any CPU
		{07FEBF61-1454-47AA-9D77-F26E02E7FB0D}.Release|x64.Build.0 = Release|Any CPU
		{07FEBF61-1454-47AA-9D77-F26E02E7FB0D}.Release|x86.ActiveCfg = Release|Any CPU
		{07FEBF61-1454-47AA-9D77-F26E02E7FB0D}.Release|x86.Build.0 = Release|Any CPU
		{D42D570C-38AB-4BD2-9AC8-EDCE5BBF3723}.Debug|Any CPU.ActiveCfg = Debug|Any CPU
		{D42D570C-38AB-4BD2-9AC8-EDCE5BBF3723}.Debug|Any CPU.Build.0 = Debug|Any CPU
		{D42D570C-38AB-4BD2-9AC8-EDCE5BBF3723}.Debug|ARM.ActiveCfg = Debug|Any CPU
		{D42D570C-38AB-4BD2-9AC8-EDCE5BBF3723}.Debug|ARM.Build.0 = Debug|Any CPU
		{D42D570C-38AB-4BD2-9AC8-EDCE5BBF3723}.Debug|x64.ActiveCfg = Debug|Any CPU
		{D42D570C-38AB-4BD2-9AC8-EDCE5BBF3723}.Debug|x64.Build.0 = Debug|Any CPU
		{D42D570C-38AB-4BD2-9AC8-EDCE5BBF3723}.Debug|x86.ActiveCfg = Debug|Any CPU
		{D42D570C-38AB-4BD2-9AC8-EDCE5BBF3723}.Debug|x86.Build.0 = Debug|Any CPU
		{D42D570C-38AB-4BD2-9AC8-EDCE5BBF3723}.Release|Any CPU.ActiveCfg = Release|Any CPU
		{D42D570C-38AB-4BD2-9AC8-EDCE5BBF3723}.Release|Any CPU.Build.0 = Release|Any CPU
		{D42D570C-38AB-4BD2-9AC8-EDCE5BBF3723}.Release|ARM.ActiveCfg = Release|Any CPU
		{D42D570C-38AB-4BD2-9AC8-EDCE5BBF3723}.Release|ARM.Build.0 = Release|Any CPU
		{D42D570C-38AB-4BD2-9AC8-EDCE5BBF3723}.Release|x64.ActiveCfg = Release|Any CPU
		{D42D570C-38AB-4BD2-9AC8-EDCE5BBF3723}.Release|x64.Build.0 = Release|Any CPU
		{D42D570C-38AB-4BD2-9AC8-EDCE5BBF3723}.Release|x86.ActiveCfg = Release|Any CPU
		{D42D570C-38AB-4BD2-9AC8-EDCE5BBF3723}.Release|x86.Build.0 = Release|Any CPU
		{8CEB2594-D403-4C55-B386-B6E0A212800A}.Debug|Any CPU.ActiveCfg = Debug|Any CPU
		{8CEB2594-D403-4C55-B386-B6E0A212800A}.Debug|Any CPU.Build.0 = Debug|Any CPU
		{8CEB2594-D403-4C55-B386-B6E0A212800A}.Debug|ARM.ActiveCfg = Debug|Any CPU
		{8CEB2594-D403-4C55-B386-B6E0A212800A}.Debug|ARM.Build.0 = Debug|Any CPU
		{8CEB2594-D403-4C55-B386-B6E0A212800A}.Debug|x64.ActiveCfg = Debug|Any CPU
		{8CEB2594-D403-4C55-B386-B6E0A212800A}.Debug|x64.Build.0 = Debug|Any CPU
		{8CEB2594-D403-4C55-B386-B6E0A212800A}.Debug|x86.ActiveCfg = Debug|Any CPU
		{8CEB2594-D403-4C55-B386-B6E0A212800A}.Debug|x86.Build.0 = Debug|Any CPU
		{8CEB2594-D403-4C55-B386-B6E0A212800A}.Release|Any CPU.ActiveCfg = Release|Any CPU
		{8CEB2594-D403-4C55-B386-B6E0A212800A}.Release|Any CPU.Build.0 = Release|Any CPU
		{8CEB2594-D403-4C55-B386-B6E0A212800A}.Release|ARM.ActiveCfg = Release|Any CPU
		{8CEB2594-D403-4C55-B386-B6E0A212800A}.Release|ARM.Build.0 = Release|Any CPU
		{8CEB2594-D403-4C55-B386-B6E0A212800A}.Release|x64.ActiveCfg = Release|Any CPU
		{8CEB2594-D403-4C55-B386-B6E0A212800A}.Release|x64.Build.0 = Release|Any CPU
		{8CEB2594-D403-4C55-B386-B6E0A212800A}.Release|x86.ActiveCfg = Release|Any CPU
		{8CEB2594-D403-4C55-B386-B6E0A212800A}.Release|x86.Build.0 = Release|Any CPU
		{692761E8-CF91-41F8-ACBD-C46A6122DD7E}.Debug|Any CPU.ActiveCfg = Debug|Any CPU
		{692761E8-CF91-41F8-ACBD-C46A6122DD7E}.Debug|Any CPU.Build.0 = Debug|Any CPU
		{692761E8-CF91-41F8-ACBD-C46A6122DD7E}.Debug|ARM.ActiveCfg = Debug|Any CPU
		{692761E8-CF91-41F8-ACBD-C46A6122DD7E}.Debug|ARM.Build.0 = Debug|Any CPU
		{692761E8-CF91-41F8-ACBD-C46A6122DD7E}.Debug|x64.ActiveCfg = Debug|Any CPU
		{692761E8-CF91-41F8-ACBD-C46A6122DD7E}.Debug|x64.Build.0 = Debug|Any CPU
		{692761E8-CF91-41F8-ACBD-C46A6122DD7E}.Debug|x86.ActiveCfg = Debug|Any CPU
		{692761E8-CF91-41F8-ACBD-C46A6122DD7E}.Debug|x86.Build.0 = Debug|Any CPU
		{692761E8-CF91-41F8-ACBD-C46A6122DD7E}.Release|Any CPU.ActiveCfg = Release|Any CPU
		{692761E8-CF91-41F8-ACBD-C46A6122DD7E}.Release|Any CPU.Build.0 = Release|Any CPU
		{692761E8-CF91-41F8-ACBD-C46A6122DD7E}.Release|ARM.ActiveCfg = Release|Any CPU
		{692761E8-CF91-41F8-ACBD-C46A6122DD7E}.Release|ARM.Build.0 = Release|Any CPU
		{692761E8-CF91-41F8-ACBD-C46A6122DD7E}.Release|x64.ActiveCfg = Release|Any CPU
		{692761E8-CF91-41F8-ACBD-C46A6122DD7E}.Release|x64.Build.0 = Release|Any CPU
		{692761E8-CF91-41F8-ACBD-C46A6122DD7E}.Release|x86.ActiveCfg = Release|Any CPU
		{692761E8-CF91-41F8-ACBD-C46A6122DD7E}.Release|x86.Build.0 = Release|Any CPU
		{1679CF54-40CE-474A-9737-42FFD6B1C995}.Debug|Any CPU.ActiveCfg = Debug|Any CPU
		{1679CF54-40CE-474A-9737-42FFD6B1C995}.Debug|Any CPU.Build.0 = Debug|Any CPU
		{1679CF54-40CE-474A-9737-42FFD6B1C995}.Debug|ARM.ActiveCfg = Debug|Any CPU
		{1679CF54-40CE-474A-9737-42FFD6B1C995}.Debug|ARM.Build.0 = Debug|Any CPU
		{1679CF54-40CE-474A-9737-42FFD6B1C995}.Debug|x64.ActiveCfg = Debug|Any CPU
		{1679CF54-40CE-474A-9737-42FFD6B1C995}.Debug|x64.Build.0 = Debug|Any CPU
		{1679CF54-40CE-474A-9737-42FFD6B1C995}.Debug|x86.ActiveCfg = Debug|Any CPU
		{1679CF54-40CE-474A-9737-42FFD6B1C995}.Debug|x86.Build.0 = Debug|Any CPU
		{1679CF54-40CE-474A-9737-42FFD6B1C995}.Release|Any CPU.ActiveCfg = Release|Any CPU
		{1679CF54-40CE-474A-9737-42FFD6B1C995}.Release|Any CPU.Build.0 = Release|Any CPU
		{1679CF54-40CE-474A-9737-42FFD6B1C995}.Release|ARM.ActiveCfg = Release|Any CPU
		{1679CF54-40CE-474A-9737-42FFD6B1C995}.Release|ARM.Build.0 = Release|Any CPU
		{1679CF54-40CE-474A-9737-42FFD6B1C995}.Release|x64.ActiveCfg = Release|Any CPU
		{1679CF54-40CE-474A-9737-42FFD6B1C995}.Release|x64.Build.0 = Release|Any CPU
		{1679CF54-40CE-474A-9737-42FFD6B1C995}.Release|x86.ActiveCfg = Release|Any CPU
		{1679CF54-40CE-474A-9737-42FFD6B1C995}.Release|x86.Build.0 = Release|Any CPU
		{E1DD1593-D237-4AF8-A753-2C799C30331B}.Debug|Any CPU.ActiveCfg = Debug|Any CPU
		{E1DD1593-D237-4AF8-A753-2C799C30331B}.Debug|Any CPU.Build.0 = Debug|Any CPU
		{E1DD1593-D237-4AF8-A753-2C799C30331B}.Debug|ARM.ActiveCfg = Debug|Any CPU
		{E1DD1593-D237-4AF8-A753-2C799C30331B}.Debug|ARM.Build.0 = Debug|Any CPU
		{E1DD1593-D237-4AF8-A753-2C799C30331B}.Debug|x64.ActiveCfg = Debug|Any CPU
		{E1DD1593-D237-4AF8-A753-2C799C30331B}.Debug|x64.Build.0 = Debug|Any CPU
		{E1DD1593-D237-4AF8-A753-2C799C30331B}.Debug|x86.ActiveCfg = Debug|Any CPU
		{E1DD1593-D237-4AF8-A753-2C799C30331B}.Debug|x86.Build.0 = Debug|Any CPU
		{E1DD1593-D237-4AF8-A753-2C799C30331B}.Release|Any CPU.ActiveCfg = Release|Any CPU
		{E1DD1593-D237-4AF8-A753-2C799C30331B}.Release|Any CPU.Build.0 = Release|Any CPU
		{E1DD1593-D237-4AF8-A753-2C799C30331B}.Release|ARM.ActiveCfg = Release|Any CPU
		{E1DD1593-D237-4AF8-A753-2C799C30331B}.Release|ARM.Build.0 = Release|Any CPU
		{E1DD1593-D237-4AF8-A753-2C799C30331B}.Release|x64.ActiveCfg = Release|Any CPU
		{E1DD1593-D237-4AF8-A753-2C799C30331B}.Release|x64.Build.0 = Release|Any CPU
		{E1DD1593-D237-4AF8-A753-2C799C30331B}.Release|x86.ActiveCfg = Release|Any CPU
		{E1DD1593-D237-4AF8-A753-2C799C30331B}.Release|x86.Build.0 = Release|Any CPU
		{E31B3562-1AC6-452D-A315-5BB76D915A58}.Debug|Any CPU.ActiveCfg = Debug|Any CPU
		{E31B3562-1AC6-452D-A315-5BB76D915A58}.Debug|Any CPU.Build.0 = Debug|Any CPU
		{E31B3562-1AC6-452D-A315-5BB76D915A58}.Debug|ARM.ActiveCfg = Debug|Any CPU
		{E31B3562-1AC6-452D-A315-5BB76D915A58}.Debug|ARM.Build.0 = Debug|Any CPU
		{E31B3562-1AC6-452D-A315-5BB76D915A58}.Debug|x64.ActiveCfg = Debug|Any CPU
		{E31B3562-1AC6-452D-A315-5BB76D915A58}.Debug|x64.Build.0 = Debug|Any CPU
		{E31B3562-1AC6-452D-A315-5BB76D915A58}.Debug|x86.ActiveCfg = Debug|Any CPU
		{E31B3562-1AC6-452D-A315-5BB76D915A58}.Debug|x86.Build.0 = Debug|Any CPU
		{E31B3562-1AC6-452D-A315-5BB76D915A58}.Release|Any CPU.ActiveCfg = Release|Any CPU
		{E31B3562-1AC6-452D-A315-5BB76D915A58}.Release|Any CPU.Build.0 = Release|Any CPU
		{E31B3562-1AC6-452D-A315-5BB76D915A58}.Release|ARM.ActiveCfg = Release|Any CPU
		{E31B3562-1AC6-452D-A315-5BB76D915A58}.Release|ARM.Build.0 = Release|Any CPU
		{E31B3562-1AC6-452D-A315-5BB76D915A58}.Release|x64.ActiveCfg = Release|Any CPU
		{E31B3562-1AC6-452D-A315-5BB76D915A58}.Release|x64.Build.0 = Release|Any CPU
		{E31B3562-1AC6-452D-A315-5BB76D915A58}.Release|x86.ActiveCfg = Release|Any CPU
		{E31B3562-1AC6-452D-A315-5BB76D915A58}.Release|x86.Build.0 = Release|Any CPU
		{39CC72C9-4401-478A-9BE2-2FFF99F0D91C}.Debug|Any CPU.ActiveCfg = Debug|Any CPU
		{39CC72C9-4401-478A-9BE2-2FFF99F0D91C}.Debug|Any CPU.Build.0 = Debug|Any CPU
		{39CC72C9-4401-478A-9BE2-2FFF99F0D91C}.Debug|ARM.ActiveCfg = Debug|Any CPU
		{39CC72C9-4401-478A-9BE2-2FFF99F0D91C}.Debug|ARM.Build.0 = Debug|Any CPU
		{39CC72C9-4401-478A-9BE2-2FFF99F0D91C}.Debug|x64.ActiveCfg = Debug|Any CPU
		{39CC72C9-4401-478A-9BE2-2FFF99F0D91C}.Debug|x64.Build.0 = Debug|Any CPU
		{39CC72C9-4401-478A-9BE2-2FFF99F0D91C}.Debug|x86.ActiveCfg = Debug|Any CPU
		{39CC72C9-4401-478A-9BE2-2FFF99F0D91C}.Debug|x86.Build.0 = Debug|Any CPU
		{39CC72C9-4401-478A-9BE2-2FFF99F0D91C}.Release|Any CPU.ActiveCfg = Release|Any CPU
		{39CC72C9-4401-478A-9BE2-2FFF99F0D91C}.Release|Any CPU.Build.0 = Release|Any CPU
		{39CC72C9-4401-478A-9BE2-2FFF99F0D91C}.Release|ARM.ActiveCfg = Release|Any CPU
		{39CC72C9-4401-478A-9BE2-2FFF99F0D91C}.Release|ARM.Build.0 = Release|Any CPU
		{39CC72C9-4401-478A-9BE2-2FFF99F0D91C}.Release|x64.ActiveCfg = Release|Any CPU
		{39CC72C9-4401-478A-9BE2-2FFF99F0D91C}.Release|x64.Build.0 = Release|Any CPU
		{39CC72C9-4401-478A-9BE2-2FFF99F0D91C}.Release|x86.ActiveCfg = Release|Any CPU
		{39CC72C9-4401-478A-9BE2-2FFF99F0D91C}.Release|x86.Build.0 = Release|Any CPU
		{D80E03BE-A6B6-49D2-9829-3F28CEDC7599}.Debug|Any CPU.ActiveCfg = Debug|Any CPU
		{D80E03BE-A6B6-49D2-9829-3F28CEDC7599}.Debug|Any CPU.Build.0 = Debug|Any CPU
		{D80E03BE-A6B6-49D2-9829-3F28CEDC7599}.Debug|ARM.ActiveCfg = Debug|Any CPU
		{D80E03BE-A6B6-49D2-9829-3F28CEDC7599}.Debug|ARM.Build.0 = Debug|Any CPU
		{D80E03BE-A6B6-49D2-9829-3F28CEDC7599}.Debug|x64.ActiveCfg = Debug|Any CPU
		{D80E03BE-A6B6-49D2-9829-3F28CEDC7599}.Debug|x64.Build.0 = Debug|Any CPU
		{D80E03BE-A6B6-49D2-9829-3F28CEDC7599}.Debug|x86.ActiveCfg = Debug|Any CPU
		{D80E03BE-A6B6-49D2-9829-3F28CEDC7599}.Debug|x86.Build.0 = Debug|Any CPU
		{D80E03BE-A6B6-49D2-9829-3F28CEDC7599}.Release|Any CPU.ActiveCfg = Release|Any CPU
		{D80E03BE-A6B6-49D2-9829-3F28CEDC7599}.Release|Any CPU.Build.0 = Release|Any CPU
		{D80E03BE-A6B6-49D2-9829-3F28CEDC7599}.Release|ARM.ActiveCfg = Release|Any CPU
		{D80E03BE-A6B6-49D2-9829-3F28CEDC7599}.Release|ARM.Build.0 = Release|Any CPU
		{D80E03BE-A6B6-49D2-9829-3F28CEDC7599}.Release|x64.ActiveCfg = Release|Any CPU
		{D80E03BE-A6B6-49D2-9829-3F28CEDC7599}.Release|x64.Build.0 = Release|Any CPU
		{D80E03BE-A6B6-49D2-9829-3F28CEDC7599}.Release|x86.ActiveCfg = Release|Any CPU
		{D80E03BE-A6B6-49D2-9829-3F28CEDC7599}.Release|x86.Build.0 = Release|Any CPU
		{7CA008D2-5658-4B42-A6D3-5D5A923F2498}.Debug|Any CPU.ActiveCfg = Debug|Any CPU
		{7CA008D2-5658-4B42-A6D3-5D5A923F2498}.Debug|Any CPU.Build.0 = Debug|Any CPU
		{7CA008D2-5658-4B42-A6D3-5D5A923F2498}.Debug|ARM.ActiveCfg = Debug|Any CPU
		{7CA008D2-5658-4B42-A6D3-5D5A923F2498}.Debug|ARM.Build.0 = Debug|Any CPU
		{7CA008D2-5658-4B42-A6D3-5D5A923F2498}.Debug|x64.ActiveCfg = Debug|Any CPU
		{7CA008D2-5658-4B42-A6D3-5D5A923F2498}.Debug|x64.Build.0 = Debug|Any CPU
		{7CA008D2-5658-4B42-A6D3-5D5A923F2498}.Debug|x86.ActiveCfg = Debug|Any CPU
		{7CA008D2-5658-4B42-A6D3-5D5A923F2498}.Debug|x86.Build.0 = Debug|Any CPU
		{7CA008D2-5658-4B42-A6D3-5D5A923F2498}.Release|Any CPU.ActiveCfg = Release|Any CPU
		{7CA008D2-5658-4B42-A6D3-5D5A923F2498}.Release|Any CPU.Build.0 = Release|Any CPU
		{7CA008D2-5658-4B42-A6D3-5D5A923F2498}.Release|ARM.ActiveCfg = Release|Any CPU
		{7CA008D2-5658-4B42-A6D3-5D5A923F2498}.Release|ARM.Build.0 = Release|Any CPU
		{7CA008D2-5658-4B42-A6D3-5D5A923F2498}.Release|x64.ActiveCfg = Release|Any CPU
		{7CA008D2-5658-4B42-A6D3-5D5A923F2498}.Release|x64.Build.0 = Release|Any CPU
		{7CA008D2-5658-4B42-A6D3-5D5A923F2498}.Release|x86.ActiveCfg = Release|Any CPU
		{7CA008D2-5658-4B42-A6D3-5D5A923F2498}.Release|x86.Build.0 = Release|Any CPU
		{7726E7D7-1B41-4AEA-978E-AB3F1593472E}.Debug|Any CPU.ActiveCfg = Debug|x64
		{7726E7D7-1B41-4AEA-978E-AB3F1593472E}.Debug|ARM.ActiveCfg = Debug|Win32
		{7726E7D7-1B41-4AEA-978E-AB3F1593472E}.Debug|x64.ActiveCfg = Debug|x64
		{7726E7D7-1B41-4AEA-978E-AB3F1593472E}.Debug|x64.Build.0 = Debug|x64
		{7726E7D7-1B41-4AEA-978E-AB3F1593472E}.Debug|x86.ActiveCfg = Debug|Win32
		{7726E7D7-1B41-4AEA-978E-AB3F1593472E}.Debug|x86.Build.0 = Debug|Win32
		{7726E7D7-1B41-4AEA-978E-AB3F1593472E}.Release|Any CPU.ActiveCfg = Release|Win32
		{7726E7D7-1B41-4AEA-978E-AB3F1593472E}.Release|ARM.ActiveCfg = Release|Win32
		{7726E7D7-1B41-4AEA-978E-AB3F1593472E}.Release|x64.ActiveCfg = Release|x64
		{7726E7D7-1B41-4AEA-978E-AB3F1593472E}.Release|x64.Build.0 = Release|x64
		{7726E7D7-1B41-4AEA-978E-AB3F1593472E}.Release|x86.ActiveCfg = Release|Win32
		{7726E7D7-1B41-4AEA-978E-AB3F1593472E}.Release|x86.Build.0 = Release|Win32
		{C0568D9F-61E0-44BF-9103-C871256CF9CF}.Debug|Any CPU.ActiveCfg = Debug|x64
		{C0568D9F-61E0-44BF-9103-C871256CF9CF}.Debug|ARM.ActiveCfg = Debug|x64
		{C0568D9F-61E0-44BF-9103-C871256CF9CF}.Debug|ARM.Build.0 = Debug|x64
		{C0568D9F-61E0-44BF-9103-C871256CF9CF}.Debug|x64.ActiveCfg = Debug|x64
		{C0568D9F-61E0-44BF-9103-C871256CF9CF}.Debug|x64.Build.0 = Debug|x64
		{C0568D9F-61E0-44BF-9103-C871256CF9CF}.Debug|x86.ActiveCfg = Debug|Win32
		{C0568D9F-61E0-44BF-9103-C871256CF9CF}.Debug|x86.Build.0 = Debug|Win32
		{C0568D9F-61E0-44BF-9103-C871256CF9CF}.Release|Any CPU.ActiveCfg = Release|Win32
		{C0568D9F-61E0-44BF-9103-C871256CF9CF}.Release|ARM.ActiveCfg = Release|ARM
		{C0568D9F-61E0-44BF-9103-C871256CF9CF}.Release|ARM.Build.0 = Release|ARM
		{C0568D9F-61E0-44BF-9103-C871256CF9CF}.Release|x64.ActiveCfg = Release|x64
		{C0568D9F-61E0-44BF-9103-C871256CF9CF}.Release|x64.Build.0 = Release|x64
		{C0568D9F-61E0-44BF-9103-C871256CF9CF}.Release|x86.ActiveCfg = Release|Win32
		{C0568D9F-61E0-44BF-9103-C871256CF9CF}.Release|x86.Build.0 = Release|Win32
		{40DCEED3-94E2-4312-99FF-373B0DC9CE07}.Debug|Any CPU.ActiveCfg = Debug|Any CPU
		{40DCEED3-94E2-4312-99FF-373B0DC9CE07}.Debug|Any CPU.Build.0 = Debug|Any CPU
		{40DCEED3-94E2-4312-99FF-373B0DC9CE07}.Debug|ARM.ActiveCfg = Debug|Any CPU
		{40DCEED3-94E2-4312-99FF-373B0DC9CE07}.Debug|ARM.Build.0 = Debug|Any CPU
		{40DCEED3-94E2-4312-99FF-373B0DC9CE07}.Debug|x64.ActiveCfg = Debug|Any CPU
		{40DCEED3-94E2-4312-99FF-373B0DC9CE07}.Debug|x64.Build.0 = Debug|Any CPU
		{40DCEED3-94E2-4312-99FF-373B0DC9CE07}.Debug|x86.ActiveCfg = Debug|Any CPU
		{40DCEED3-94E2-4312-99FF-373B0DC9CE07}.Debug|x86.Build.0 = Debug|Any CPU
		{40DCEED3-94E2-4312-99FF-373B0DC9CE07}.Release|Any CPU.ActiveCfg = Release|Any CPU
		{40DCEED3-94E2-4312-99FF-373B0DC9CE07}.Release|Any CPU.Build.0 = Release|Any CPU
		{40DCEED3-94E2-4312-99FF-373B0DC9CE07}.Release|ARM.ActiveCfg = Release|Any CPU
		{40DCEED3-94E2-4312-99FF-373B0DC9CE07}.Release|ARM.Build.0 = Release|Any CPU
		{40DCEED3-94E2-4312-99FF-373B0DC9CE07}.Release|x64.ActiveCfg = Release|Any CPU
		{40DCEED3-94E2-4312-99FF-373B0DC9CE07}.Release|x64.Build.0 = Release|Any CPU
		{40DCEED3-94E2-4312-99FF-373B0DC9CE07}.Release|x86.ActiveCfg = Release|Any CPU
		{40DCEED3-94E2-4312-99FF-373B0DC9CE07}.Release|x86.Build.0 = Release|Any CPU
	EndGlobalSection
	GlobalSection(SolutionProperties) = preSolution
		HideSolutionNode = FALSE
	EndGlobalSection
	GlobalSection(ExtensibilityGlobals) = postSolution
		SolutionGuid = {52057F5A-8698-4605-AA1F-7DD0AC567C2B}
	EndGlobalSection
EndGlobal
